<?xml version="1.0" encoding="utf-8"?>
<Project ToolsVersion="4.0" xmlns="http://schemas.microsoft.com/developer/msbuild/2003">
  <ItemGroup>
    <Filter Include="src">
      <UniqueIdentifier>{d2b23478-3478-4a2a-a323-fddef530f342}</UniqueIdentifier>
    </Filter>
    <Filter Include="src\RunGame">
      <UniqueIdentifier>{b2d16d6e-af5a-463f-9ce2-e8438879d7e8}</UniqueIdentifier>
    </Filter>
    <Filter Include="src\Game">
      <UniqueIdentifier>{f45b2313-48b6-4fd2-906e-2680e6c550f7}</UniqueIdentifier>
    </Filter>
    <Filter Include="src\Game\Math">
      <UniqueIdentifier>{87ebe045-42a7-4065-947e-1e7112703cd2}</UniqueIdentifier>
    </Filter>
    <Filter Include="src\Game\Math\Vector">
      <UniqueIdentifier>{a49ba19a-f68e-453c-8be0-eaa8fb5440c4}</UniqueIdentifier>
    </Filter>
    <Filter Include="src\Game\Screen">
      <UniqueIdentifier>{0aba5e35-6bde-4242-a3bc-12d1c41bfee1}</UniqueIdentifier>
    </Filter>
    <Filter Include="src\Game\Ship">
      <UniqueIdentifier>{04a383b8-33f0-4eb9-8b93-3b30ed21cc29}</UniqueIdentifier>
    </Filter>
  </ItemGroup>
  <ItemGroup>
    <ClCompile Include="src\Game\Screen\Screen.cpp">
      <Filter>src\Game\Screen</Filter>
    </ClCompile>
    <ClCompile Include="src\Game\Ship\Ship.cpp">
      <Filter>src\Game\Ship</Filter>
    </ClCompile>
    <ClCompile Include="src\Game\Math\Vector\Vector.cpp">
      <Filter>src\Game\Math\Vector</Filter>
    </ClCompile>
    <ClCompile Include="src\main.cpp">
      <Filter>src</Filter>
    </ClCompile>
    <ClCompile Include="src\RunGame\RunGame.cpp">
      <Filter>src\RunGame</Filter>
    </ClCompile>
    <ClCompile Include="src\Game\Game.cpp">
      <Filter>src\Game</Filter>
    </ClCompile>
  </ItemGroup>
  <ItemGroup>
    <ClInclude Include="src\RunGame\RunGame.h">
      <Filter>src\RunGame</Filter>
    </ClInclude>
    <ClInclude Include="src\Game\Game.h">
      <Filter>src\Game</Filter>
    </ClInclude>
    <ClInclude Include="src\Game\Math\Vector\Vector.h">
      <Filter>src\Game\Math\Vector</Filter>
    </ClInclude>
    <ClInclude Include="src\Game\Screen\Screen.h">
      <Filter>src\Game\Screen</Filter>
    </ClInclude>
    <ClInclude Include="src\Game\Ship\Ship.h">
      <Filter>src\Game\Ship</Filter>
    </ClInclude>
  </ItemGroup>
</Project>